// !$*UTF8*$!
{
	archiveVersion = 1;
	classes = {
	};
	objectVersion = 50;
	objects = {

/* Begin PBXBuildFile section */
		345A30C803E8085C38A5DEF6 /* libPods-YYTools.a in Frameworks */ = {isa = PBXBuildFile; fileRef = 514055356E5712C1EEEA7E47 /* libPods-YYTools.a */; };
		8404C67721F5A052001B341C /* NSMutableAttributedString+BgAttStr.m in Sources */ = {isa = PBXBuildFile; fileRef = 8404C67621F5A052001B341C /* NSMutableAttributedString+BgAttStr.m */; };
		8404C68821F5BAC6001B341C /* YYUrlManager.m in Sources */ = {isa = PBXBuildFile; fileRef = 8404C68621F5BAC6001B341C /* YYUrlManager.m */; };
		8413328E21F3165000C05E92 /* BgBaseViewController.m in Sources */ = {isa = PBXBuildFile; fileRef = 8413328D21F3165000C05E92 /* BgBaseViewController.m */; };
		8413329321F31ECE00C05E92 /* NSString+BgString.m in Sources */ = {isa = PBXBuildFile; fileRef = 8413329221F31ECE00C05E92 /* NSString+BgString.m */; };
		8413329621F31EE600C05E92 /* NSDate+BgDate.m in Sources */ = {isa = PBXBuildFile; fileRef = 8413329521F31EE600C05E92 /* NSDate+BgDate.m */; };
		8429CF1C21E2EE3E006620E4 /* YYNoticeView.m in Sources */ = {isa = PBXBuildFile; fileRef = 8429CF1921E2EE3E006620E4 /* YYNoticeView.m */; };
		845A98E521F1D141004B8939 /* YYIconImgManager.m in Sources */ = {isa = PBXBuildFile; fileRef = 845A98E421F1D141004B8939 /* YYIconImgManager.m */; };
		84620CB821E0AD8F00C0A408 /* AppDelegate.m in Sources */ = {isa = PBXBuildFile; fileRef = 84620CB721E0AD8F00C0A408 /* AppDelegate.m */; };
		84620CBB21E0AD8F00C0A408 /* ViewController.m in Sources */ = {isa = PBXBuildFile; fileRef = 84620CBA21E0AD8F00C0A408 /* ViewController.m */; };
		84620CBE21E0AD8F00C0A408 /* Main.storyboard in Resources */ = {isa = PBXBuildFile; fileRef = 84620CBC21E0AD8F00C0A408 /* Main.storyboard */; };
		84620CC021E0AD9B00C0A408 /* Assets.xcassets in Resources */ = {isa = PBXBuildFile; fileRef = 84620CBF21E0AD9B00C0A408 /* Assets.xcassets */; };
		84620CC321E0AD9B00C0A408 /* LaunchScreen.storyboard in Resources */ = {isa = PBXBuildFile; fileRef = 84620CC121E0AD9B00C0A408 /* LaunchScreen.storyboard */; };
		84620CC621E0AD9B00C0A408 /* main.m in Sources */ = {isa = PBXBuildFile; fileRef = 84620CC521E0AD9B00C0A408 /* main.m */; };
		84620CD021E0AD9B00C0A408 /* YYToolsTests.m in Sources */ = {isa = PBXBuildFile; fileRef = 84620CCF21E0AD9B00C0A408 /* YYToolsTests.m */; };
		84620CDB21E0AD9B00C0A408 /* YYToolsUITests.m in Sources */ = {isa = PBXBuildFile; fileRef = 84620CDA21E0AD9B00C0A408 /* YYToolsUITests.m */; };
/* End PBXBuildFile section */

/* Begin PBXContainerItemProxy section */
		84620CCC21E0AD9B00C0A408 /* PBXContainerItemProxy */ = {
			isa = PBXContainerItemProxy;
			containerPortal = 84620CAB21E0AD8F00C0A408 /* Project object */;
			proxyType = 1;
			remoteGlobalIDString = 84620CB221E0AD8F00C0A408;
			remoteInfo = YYTools;
		};
		84620CD721E0AD9B00C0A408 /* PBXContainerItemProxy */ = {
			isa = PBXContainerItemProxy;
			containerPortal = 84620CAB21E0AD8F00C0A408 /* Project object */;
			proxyType = 1;
			remoteGlobalIDString = 84620CB221E0AD8F00C0A408;
			remoteInfo = YYTools;
		};
/* End PBXContainerItemProxy section */

/* Begin PBXFileReference section */
		514055356E5712C1EEEA7E47 /* libPods-YYTools.a */ = {isa = PBXFileReference; explicitFileType = archive.ar; includeInIndex = 0; path = "libPods-YYTools.a"; sourceTree = BUILT_PRODUCTS_DIR; };
		8404C67521F5A052001B341C /* NSMutableAttributedString+BgAttStr.h */ = {isa = PBXFileReference; lastKnownFileType = sourcecode.c.h; path = "NSMutableAttributedString+BgAttStr.h"; sourceTree = "<group>"; };
		8404C67621F5A052001B341C /* NSMutableAttributedString+BgAttStr.m */ = {isa = PBXFileReference; lastKnownFileType = sourcecode.c.objc; path = "NSMutableAttributedString+BgAttStr.m"; sourceTree = "<group>"; };
		8404C68521F5BAC6001B341C /* YYUrlManager.h */ = {isa = PBXFileReference; fileEncoding = 4; lastKnownFileType = sourcecode.c.h; path = YYUrlManager.h; sourceTree = "<group>"; };
		8404C68621F5BAC6001B341C /* YYUrlManager.m */ = {isa = PBXFileReference; fileEncoding = 4; lastKnownFileType = sourcecode.c.objc; path = YYUrlManager.m; sourceTree = "<group>"; };
		8404C68721F5BAC6001B341C /* YYUrlManagerHeader.h */ = {isa = PBXFileReference; fileEncoding = 4; lastKnownFileType = sourcecode.c.h; path = YYUrlManagerHeader.h; sourceTree = "<group>"; };
		8413328B21F3162700C05E92 /* YYBaseVCHeader.h */ = {isa = PBXFileReference; lastKnownFileType = sourcecode.c.h; path = YYBaseVCHeader.h; sourceTree = "<group>"; };
		8413328C21F3165000C05E92 /* BgBaseViewController.h */ = {isa = PBXFileReference; lastKnownFileType = sourcecode.c.h; path = BgBaseViewController.h; sourceTree = "<group>"; };
		8413328D21F3165000C05E92 /* BgBaseViewController.m */ = {isa = PBXFileReference; lastKnownFileType = sourcecode.c.objc; path = BgBaseViewController.m; sourceTree = "<group>"; };
		8413329021F31E6500C05E92 /* YYCategoryHeader.h */ = {isa = PBXFileReference; lastKnownFileType = sourcecode.c.h; path = YYCategoryHeader.h; sourceTree = "<group>"; };
		8413329121F31ECE00C05E92 /* NSString+BgString.h */ = {isa = PBXFileReference; lastKnownFileType = sourcecode.c.h; path = "NSString+BgString.h"; sourceTree = "<group>"; };
		8413329221F31ECE00C05E92 /* NSString+BgString.m */ = {isa = PBXFileReference; lastKnownFileType = sourcecode.c.objc; path = "NSString+BgString.m"; sourceTree = "<group>"; };
		8413329421F31EE600C05E92 /* NSDate+BgDate.h */ = {isa = PBXFileReference; lastKnownFileType = sourcecode.c.h; path = "NSDate+BgDate.h"; sourceTree = "<group>"; };
		8413329521F31EE600C05E92 /* NSDate+BgDate.m */ = {isa = PBXFileReference; lastKnownFileType = sourcecode.c.objc; path = "NSDate+BgDate.m"; sourceTree = "<group>"; };
		8429CF1821E2EE3E006620E4 /* YYNoticeView.h */ = {isa = PBXFileReference; fileEncoding = 4; lastKnownFileType = sourcecode.c.h; path = YYNoticeView.h; sourceTree = "<group>"; };
		8429CF1921E2EE3E006620E4 /* YYNoticeView.m */ = {isa = PBXFileReference; fileEncoding = 4; lastKnownFileType = sourcecode.c.objc; path = YYNoticeView.m; sourceTree = "<group>"; };
		8429CF1A21E2EE3E006620E4 /* YYNoticeViewTool.h */ = {isa = PBXFileReference; fileEncoding = 4; lastKnownFileType = sourcecode.c.h; path = YYNoticeViewTool.h; sourceTree = "<group>"; };
		8429CF1B21E2EE3E006620E4 /* YYTools.h */ = {isa = PBXFileReference; fileEncoding = 4; lastKnownFileType = sourcecode.c.h; path = YYTools.h; sourceTree = "<group>"; };
		845A98E321F1D141004B8939 /* YYIconImgManager.h */ = {isa = PBXFileReference; fileEncoding = 4; lastKnownFileType = sourcecode.c.h; path = YYIconImgManager.h; sourceTree = "<group>"; };
		845A98E421F1D141004B8939 /* YYIconImgManager.m */ = {isa = PBXFileReference; fileEncoding = 4; lastKnownFileType = sourcecode.c.objc; path = YYIconImgManager.m; sourceTree = "<group>"; };
		845A98E621F1D15B004B8939 /* YYIconImgManagerHeader.h */ = {isa = PBXFileReference; lastKnownFileType = sourcecode.c.h; path = YYIconImgManagerHeader.h; sourceTree = "<group>"; };
		84620CB321E0AD8F00C0A408 /* YYTools.app */ = {isa = PBXFileReference; explicitFileType = wrapper.application; includeInIndex = 0; path = YYTools.app; sourceTree = BUILT_PRODUCTS_DIR; };
		84620CB621E0AD8F00C0A408 /* AppDelegate.h */ = {isa = PBXFileReference; lastKnownFileType = sourcecode.c.h; path = AppDelegate.h; sourceTree = "<group>"; };
		84620CB721E0AD8F00C0A408 /* AppDelegate.m */ = {isa = PBXFileReference; lastKnownFileType = sourcecode.c.objc; path = AppDelegate.m; sourceTree = "<group>"; };
		84620CB921E0AD8F00C0A408 /* ViewController.h */ = {isa = PBXFileReference; lastKnownFileType = sourcecode.c.h; path = ViewController.h; sourceTree = "<group>"; };
		84620CBA21E0AD8F00C0A408 /* ViewController.m */ = {isa = PBXFileReference; lastKnownFileType = sourcecode.c.objc; path = ViewController.m; sourceTree = "<group>"; };
		84620CBD21E0AD8F00C0A408 /* Base */ = {isa = PBXFileReference; lastKnownFileType = file.storyboard; name = Base; path = Base.lproj/Main.storyboard; sourceTree = "<group>"; };
		84620CBF21E0AD9B00C0A408 /* Assets.xcassets */ = {isa = PBXFileReference; lastKnownFileType = folder.assetcatalog; path = Assets.xcassets; sourceTree = "<group>"; };
		84620CC221E0AD9B00C0A408 /* Base */ = {isa = PBXFileReference; lastKnownFileType = file.storyboard; name = Base; path = Base.lproj/LaunchScreen.storyboard; sourceTree = "<group>"; };
		84620CC421E0AD9B00C0A408 /* Info.plist */ = {isa = PBXFileReference; lastKnownFileType = text.plist.xml; path = Info.plist; sourceTree = "<group>"; };
		84620CC521E0AD9B00C0A408 /* main.m */ = {isa = PBXFileReference; lastKnownFileType = sourcecode.c.objc; path = main.m; sourceTree = "<group>"; };
		84620CCB21E0AD9B00C0A408 /* YYToolsTests.xctest */ = {isa = PBXFileReference; explicitFileType = wrapper.cfbundle; includeInIndex = 0; path = YYToolsTests.xctest; sourceTree = BUILT_PRODUCTS_DIR; };
		84620CCF21E0AD9B00C0A408 /* YYToolsTests.m */ = {isa = PBXFileReference; lastKnownFileType = sourcecode.c.objc; path = YYToolsTests.m; sourceTree = "<group>"; };
		84620CD121E0AD9B00C0A408 /* Info.plist */ = {isa = PBXFileReference; lastKnownFileType = text.plist.xml; path = Info.plist; sourceTree = "<group>"; };
		84620CD621E0AD9B00C0A408 /* YYToolsUITests.xctest */ = {isa = PBXFileReference; explicitFileType = wrapper.cfbundle; includeInIndex = 0; path = YYToolsUITests.xctest; sourceTree = BUILT_PRODUCTS_DIR; };
		84620CDA21E0AD9B00C0A408 /* YYToolsUITests.m */ = {isa = PBXFileReference; lastKnownFileType = sourcecode.c.objc; path = YYToolsUITests.m; sourceTree = "<group>"; };
		84620CDC21E0AD9B00C0A408 /* Info.plist */ = {isa = PBXFileReference; lastKnownFileType = text.plist.xml; path = Info.plist; sourceTree = "<group>"; };
		C45005565B4C20F71B8F8C80 /* Pods-YYTools.release.xcconfig */ = {isa = PBXFileReference; includeInIndex = 1; lastKnownFileType = text.xcconfig; name = "Pods-YYTools.release.xcconfig"; path = "Pods/Target Support Files/Pods-YYTools/Pods-YYTools.release.xcconfig"; sourceTree = "<group>"; };
		C70F3E9916A039DB29B19D16 /* Pods-YYTools.debug.xcconfig */ = {isa = PBXFileReference; includeInIndex = 1; lastKnownFileType = text.xcconfig; name = "Pods-YYTools.debug.xcconfig"; path = "Pods/Target Support Files/Pods-YYTools/Pods-YYTools.debug.xcconfig"; sourceTree = "<group>"; };
/* End PBXFileReference section */

/* Begin PBXFrameworksBuildPhase section */
		84620CB021E0AD8F00C0A408 /* Frameworks */ = {
			isa = PBXFrameworksBuildPhase;
			buildActionMask = 2147483647;
			files = (
				345A30C803E8085C38A5DEF6 /* libPods-YYTools.a in Frameworks */,
			);
			runOnlyForDeploymentPostprocessing = 0;
		};
		84620CC821E0AD9B00C0A408 /* Frameworks */ = {
			isa = PBXFrameworksBuildPhase;
			buildActionMask = 2147483647;
			files = (
			);
			runOnlyForDeploymentPostprocessing = 0;
		};
		84620CD321E0AD9B00C0A408 /* Frameworks */ = {
			isa = PBXFrameworksBuildPhase;
			buildActionMask = 2147483647;
			files = (
			);
			runOnlyForDeploymentPostprocessing = 0;
		};
/* End PBXFrameworksBuildPhase section */

/* Begin PBXGroup section */
		2AFEC0F99C9A7A506C0FC530 /* Frameworks */ = {
			isa = PBXGroup;
			children = (
				514055356E5712C1EEEA7E47 /* libPods-YYTools.a */,
			);
			name = Frameworks;
			sourceTree = "<group>";
		};
		8404C68421F5BAC6001B341C /* YYUrlManager */ = {
			isa = PBXGroup;
			children = (
				8404C68721F5BAC6001B341C /* YYUrlManagerHeader.h */,
				8404C68521F5BAC6001B341C /* YYUrlManager.h */,
				8404C68621F5BAC6001B341C /* YYUrlManager.m */,
			);
			path = YYUrlManager;
			sourceTree = "<group>";
		};
		8413328A21F3161200C05E92 /* YYBaseVC */ = {
			isa = PBXGroup;
			children = (
				8413328B21F3162700C05E92 /* YYBaseVCHeader.h */,
				8413328C21F3165000C05E92 /* BgBaseViewController.h */,
				8413328D21F3165000C05E92 /* BgBaseViewController.m */,
			);
			path = YYBaseVC;
			sourceTree = "<group>";
		};
		8413328F21F31E5200C05E92 /* YYCategory */ = {
			isa = PBXGroup;
			children = (
				8413329021F31E6500C05E92 /* YYCategoryHeader.h */,
				8413329121F31ECE00C05E92 /* NSString+BgString.h */,
				8413329221F31ECE00C05E92 /* NSString+BgString.m */,
				8404C67521F5A052001B341C /* NSMutableAttributedString+BgAttStr.h */,
				8404C67621F5A052001B341C /* NSMutableAttributedString+BgAttStr.m */,
				8413329421F31EE600C05E92 /* NSDate+BgDate.h */,
				8413329521F31EE600C05E92 /* NSDate+BgDate.m */,
			);
			path = YYCategory;
			sourceTree = "<group>";
		};
		8429CF1621E2EE3E006620E4 /* YYTooling */ = {
			isa = PBXGroup;
			children = (
				8429CF1B21E2EE3E006620E4 /* YYTools.h */,
				8404C68421F5BAC6001B341C /* YYUrlManager */,
				8413328F21F31E5200C05E92 /* YYCategory */,
				8413328A21F3161200C05E92 /* YYBaseVC */,
				845A98E221F1D141004B8939 /* YYYYIconImgManager */,
				8429CF1721E2EE3E006620E4 /* YYNoticeViewTool */,
			);
			path = YYTooling;
			sourceTree = "<group>";
		};
		8429CF1721E2EE3E006620E4 /* YYNoticeViewTool */ = {
			isa = PBXGroup;
			children = (
				8429CF1A21E2EE3E006620E4 /* YYNoticeViewTool.h */,
				8429CF1821E2EE3E006620E4 /* YYNoticeView.h */,
				8429CF1921E2EE3E006620E4 /* YYNoticeView.m */,
			);
			path = YYNoticeViewTool;
			sourceTree = "<group>";
		};
		845A98E221F1D141004B8939 /* YYYYIconImgManager */ = {
			isa = PBXGroup;
			children = (
				845A98E621F1D15B004B8939 /* YYIconImgManagerHeader.h */,
				845A98E321F1D141004B8939 /* YYIconImgManager.h */,
				845A98E421F1D141004B8939 /* YYIconImgManager.m */,
			);
			path = YYYYIconImgManager;
			sourceTree = "<group>";
		};
		84620CAA21E0AD8F00C0A408 = {
			isa = PBXGroup;
			children = (
				84620CB521E0AD8F00C0A408 /* YYTools */,
				84620CCE21E0AD9B00C0A408 /* YYToolsTests */,
				84620CD921E0AD9B00C0A408 /* YYToolsUITests */,
				84620CB421E0AD8F00C0A408 /* Products */,
				C88A6FBF075DF4613A188AF2 /* Pods */,
				2AFEC0F99C9A7A506C0FC530 /* Frameworks */,
			);
			sourceTree = "<group>";
		};
		84620CB421E0AD8F00C0A408 /* Products */ = {
			isa = PBXGroup;
			children = (
				84620CB321E0AD8F00C0A408 /* YYTools.app */,
				84620CCB21E0AD9B00C0A408 /* YYToolsTests.xctest */,
				84620CD621E0AD9B00C0A408 /* YYToolsUITests.xctest */,
			);
			name = Products;
			sourceTree = "<group>";
		};
		84620CB521E0AD8F00C0A408 /* YYTools */ = {
			isa = PBXGroup;
			children = (
				8429CF1621E2EE3E006620E4 /* YYTooling */,
				84620CB621E0AD8F00C0A408 /* AppDelegate.h */,
				84620CB721E0AD8F00C0A408 /* AppDelegate.m */,
				84620CB921E0AD8F00C0A408 /* ViewController.h */,
				84620CBA21E0AD8F00C0A408 /* ViewController.m */,
				84620CBC21E0AD8F00C0A408 /* Main.storyboard */,
				84620CBF21E0AD9B00C0A408 /* Assets.xcassets */,
				84620CC121E0AD9B00C0A408 /* LaunchScreen.storyboard */,
				84620CC421E0AD9B00C0A408 /* Info.plist */,
				84620CC521E0AD9B00C0A408 /* main.m */,
			);
			path = YYTools;
			sourceTree = "<group>";
		};
		84620CCE21E0AD9B00C0A408 /* YYToolsTests */ = {
			isa = PBXGroup;
			children = (
				84620CCF21E0AD9B00C0A408 /* YYToolsTests.m */,
				84620CD121E0AD9B00C0A408 /* Info.plist */,
			);
			path = YYToolsTests;
			sourceTree = "<group>";
		};
		84620CD921E0AD9B00C0A408 /* YYToolsUITests */ = {
			isa = PBXGroup;
			children = (
				84620CDA21E0AD9B00C0A408 /* YYToolsUITests.m */,
				84620CDC21E0AD9B00C0A408 /* Info.plist */,
			);
			path = YYToolsUITests;
			sourceTree = "<group>";
		};
		C88A6FBF075DF4613A188AF2 /* Pods */ = {
			isa = PBXGroup;
			children = (
				C70F3E9916A039DB29B19D16 /* Pods-YYTools.debug.xcconfig */,
				C45005565B4C20F71B8F8C80 /* Pods-YYTools.release.xcconfig */,
			);
			name = Pods;
			sourceTree = "<group>";
		};
/* End PBXGroup section */

/* Begin PBXNativeTarget section */
		84620CB221E0AD8F00C0A408 /* YYTools */ = {
			isa = PBXNativeTarget;
			buildConfigurationList = 84620CDF21E0AD9B00C0A408 /* Build configuration list for PBXNativeTarget "YYTools" */;
			buildPhases = (
				B5031A3CBF186A2C2E8390A3 /* [CP] Check Pods Manifest.lock */,
				84620CAF21E0AD8F00C0A408 /* Sources */,
				84620CB021E0AD8F00C0A408 /* Frameworks */,
				84620CB121E0AD8F00C0A408 /* Resources */,
			);
			buildRules = (
			);
			dependencies = (
			);
			name = YYTools;
			productName = YYTools;
			productReference = 84620CB321E0AD8F00C0A408 /* YYTools.app */;
			productType = "com.apple.product-type.application";
		};
		84620CCA21E0AD9B00C0A408 /* YYToolsTests */ = {
			isa = PBXNativeTarget;
			buildConfigurationList = 84620CE221E0AD9B00C0A408 /* Build configuration list for PBXNativeTarget "YYToolsTests" */;
			buildPhases = (
				84620CC721E0AD9B00C0A408 /* Sources */,
				84620CC821E0AD9B00C0A408 /* Frameworks */,
				84620CC921E0AD9B00C0A408 /* Resources */,
			);
			buildRules = (
			);
			dependencies = (
				84620CCD21E0AD9B00C0A408 /* PBXTargetDependency */,
			);
			name = YYToolsTests;
			productName = YYToolsTests;
			productReference = 84620CCB21E0AD9B00C0A408 /* YYToolsTests.xctest */;
			productType = "com.apple.product-type.bundle.unit-test";
		};
		84620CD521E0AD9B00C0A408 /* YYToolsUITests */ = {
			isa = PBXNativeTarget;
			buildConfigurationList = 84620CE521E0AD9B00C0A408 /* Build configuration list for PBXNativeTarget "YYToolsUITests" */;
			buildPhases = (
				84620CD221E0AD9B00C0A408 /* Sources */,
				84620CD321E0AD9B00C0A408 /* Frameworks */,
				84620CD421E0AD9B00C0A408 /* Resources */,
			);
			buildRules = (
			);
			dependencies = (
				84620CD821E0AD9B00C0A408 /* PBXTargetDependency */,
			);
			name = YYToolsUITests;
			productName = YYToolsUITests;
			productReference = 84620CD621E0AD9B00C0A408 /* YYToolsUITests.xctest */;
			productType = "com.apple.product-type.bundle.ui-testing";
		};
/* End PBXNativeTarget section */

/* Begin PBXProject section */
		84620CAB21E0AD8F00C0A408 /* Project object */ = {
			isa = PBXProject;
			attributes = {
				LastUpgradeCheck = 1010;
				ORGANIZATIONNAME = ArrQ;
				TargetAttributes = {
					84620CB221E0AD8F00C0A408 = {
						CreatedOnToolsVersion = 10.1;
					};
					84620CCA21E0AD9B00C0A408 = {
						CreatedOnToolsVersion = 10.1;
						TestTargetID = 84620CB221E0AD8F00C0A408;
					};
					84620CD521E0AD9B00C0A408 = {
						CreatedOnToolsVersion = 10.1;
						TestTargetID = 84620CB221E0AD8F00C0A408;
					};
				};
			};
			buildConfigurationList = 84620CAE21E0AD8F00C0A408 /* Build configuration list for PBXProject "YYTools" */;
			compatibilityVersion = "Xcode 9.3";
			developmentRegion = en;
			hasScannedForEncodings = 0;
			knownRegions = (
				en,
				Base,
			);
			mainGroup = 84620CAA21E0AD8F00C0A408;
			productRefGroup = 84620CB421E0AD8F00C0A408 /* Products */;
			projectDirPath = "";
			projectRoot = "";
			targets = (
				84620CB221E0AD8F00C0A408 /* YYTools */,
				84620CCA21E0AD9B00C0A408 /* YYToolsTests */,
				84620CD521E0AD9B00C0A408 /* YYToolsUITests */,
			);
		};
/* End PBXProject section */

/* Begin PBXResourcesBuildPhase section */
		84620CB121E0AD8F00C0A408 /* Resources */ = {
			isa = PBXResourcesBuildPhase;
			buildActionMask = 2147483647;
			files = (
				84620CC321E0AD9B00C0A408 /* LaunchScreen.storyboard in Resources */,
				84620CC021E0AD9B00C0A408 /* Assets.xcassets in Resources */,
				84620CBE21E0AD8F00C0A408 /* Main.storyboard in Resources */,
			);
			runOnlyForDeploymentPostprocessing = 0;
		};
		84620CC921E0AD9B00C0A408 /* Resources */ = {
			isa = PBXResourcesBuildPhase;
			buildActionMask = 2147483647;
			files = (
			);
			runOnlyForDeploymentPostprocessing = 0;
		};
		84620CD421E0AD9B00C0A408 /* Resources */ = {
			isa = PBXResourcesBuildPhase;
			buildActionMask = 2147483647;
			files = (
			);
			runOnlyForDeploymentPostprocessing = 0;
		};
/* End PBXResourcesBuildPhase section */

/* Begin PBXShellScriptBuildPhase section */
		B5031A3CBF186A2C2E8390A3 /* [CP] Check Pods Manifest.lock */ = {
			isa = PBXShellScriptBuildPhase;
			buildActionMask = 2147483647;
			files = (
			);
			inputPaths = (
				"${PODS_PODFILE_DIR_PATH}/Podfile.lock",
				"${PODS_ROOT}/Manifest.lock",
			);
			name = "[CP] Check Pods Manifest.lock";
			outputPaths = (
				"$(DERIVED_FILE_DIR)/Pods-YYTools-checkManifestLockResult.txt",
			);
			runOnlyForDeploymentPostprocessing = 0;
			shellPath = /bin/sh;
			shellScript = "diff \"${PODS_PODFILE_DIR_PATH}/Podfile.lock\" \"${PODS_ROOT}/Manifest.lock\" > /dev/null\nif [ $? != 0 ] ; then\n    # print error to STDERR\n    echo \"error: The sandbox is not in sync with the Podfile.lock. Run 'pod install' or update your CocoaPods installation.\" >&2\n    exit 1\nfi\n# This output is used by Xcode 'outputs' to avoid re-running this script phase.\necho \"SUCCESS\" > \"${SCRIPT_OUTPUT_FILE_0}\"\n";
			showEnvVarsInLog = 0;
		};
/* End PBXShellScriptBuildPhase section */

/* Begin PBXSourcesBuildPhase section */
		84620CAF21E0AD8F00C0A408 /* Sources */ = {
			isa = PBXSourcesBuildPhase;
			buildActionMask = 2147483647;
			files = (
				8413328E21F3165000C05E92 /* BgBaseViewController.m in Sources */,
				84620CBB21E0AD8F00C0A408 /* ViewController.m in Sources */,
				845A98E521F1D141004B8939 /* YYIconImgManager.m in Sources */,
				8404C68821F5BAC6001B341C /* YYUrlManager.m in Sources */,
				8413329621F31EE600C05E92 /* NSDate+BgDate.m in Sources */,
				8413329321F31ECE00C05E92 /* NSString+BgString.m in Sources */,
				8404C67721F5A052001B341C /* NSMutableAttributedString+BgAttStr.m in Sources */,
				8429CF1C21E2EE3E006620E4 /* YYNoticeView.m in Sources */,
				84620CC621E0AD9B00C0A408 /* main.m in Sources */,
				84620CB821E0AD8F00C0A408 /* AppDelegate.m in Sources */,
			);
			runOnlyForDeploymentPostprocessing = 0;
		};
		84620CC721E0AD9B00C0A408 /* Sources */ = {
			isa = PBXSourcesBuildPhase;
			buildActionMask = 2147483647;
			files = (
				84620CD021E0AD9B00C0A408 /* YYToolsTests.m in Sources */,
			);
			runOnlyForDeploymentPostprocessing = 0;
		};
		84620CD221E0AD9B00C0A408 /* Sources */ = {
			isa = PBXSourcesBuildPhase;
			buildActionMask = 2147483647;
			files = (
				84620CDB21E0AD9B00C0A408 /* YYToolsUITests.m in Sources */,
			);
			runOnlyForDeploymentPostprocessing = 0;
		};
/* End PBXSourcesBuildPhase section */

/* Begin PBXTargetDependency section */
		84620CCD21E0AD9B00C0A408 /* PBXTargetDependency */ = {
			isa = PBXTargetDependency;
			target = 84620CB221E0AD8F00C0A408 /* YYTools */;
			targetProxy = 84620CCC21E0AD9B00C0A408 /* PBXContainerItemProxy */;
		};
		84620CD821E0AD9B00C0A408 /* PBXTargetDependency */ = {
			isa = PBXTargetDependency;
			target = 84620CB221E0AD8F00C0A408 /* YYTools */;
			targetProxy = 84620CD721E0AD9B00C0A408 /* PBXContainerItemProxy */;
		};
/* End PBXTargetDependency section */

/* Begin PBXVariantGroup section */
		84620CBC21E0AD8F00C0A408 /* Main.storyboard */ = {
			isa = PBXVariantGroup;
			children = (
				84620CBD21E0AD8F00C0A408 /* Base */,
			);
			name = Main.storyboard;
			sourceTree = "<group>";
		};
		84620CC121E0AD9B00C0A408 /* LaunchScreen.storyboard */ = {
			isa = PBXVariantGroup;
			children = (
				84620CC221E0AD9B00C0A408 /* Base */,
			);
			name = LaunchScreen.storyboard;
			sourceTree = "<group>";
		};
/* End PBXVariantGroup section */

/* Begin XCBuildConfiguration section */
		84620CDD21E0AD9B00C0A408 /* Debug */ = {
			isa = XCBuildConfiguration;
			buildSettings = {
				ALWAYS_SEARCH_USER_PATHS = NO;
				CLANG_ANALYZER_NONNULL = YES;
				CLANG_ANALYZER_NUMBER_OBJECT_CONVERSION = YES_AGGRESSIVE;
				CLANG_CXX_LANGUAGE_STANDARD = "gnu++14";
				CLANG_CXX_LIBRARY = "libc++";
				CLANG_ENABLE_MODULES = YES;
				CLANG_ENABLE_OBJC_ARC = YES;
				CLANG_ENABLE_OBJC_WEAK = YES;
				CLANG_WARN_BLOCK_CAPTURE_AUTORELEASING = YES;
				CLANG_WARN_BOOL_CONVERSION = YES;
				CLANG_WARN_COMMA = YES;
				CLANG_WARN_CONSTANT_CONVERSION = YES;
				CLANG_WARN_DEPRECATED_OBJC_IMPLEMENTATIONS = YES;
				CLANG_WARN_DIRECT_OBJC_ISA_USAGE = YES_ERROR;
				CLANG_WARN_DOCUMENTATION_COMMENTS = YES;
				CLANG_WARN_EMPTY_BODY = YES;
				CLANG_WARN_ENUM_CONVERSION = YES;
				CLANG_WARN_INFINITE_RECURSION = YES;
				CLANG_WARN_INT_CONVERSION = YES;
				CLANG_WARN_NON_LITERAL_NULL_CONVERSION = YES;
				CLANG_WARN_OBJC_IMPLICIT_RETAIN_SELF = YES;
				CLANG_WARN_OBJC_LITERAL_CONVERSION = YES;
				CLANG_WARN_OBJC_ROOT_CLASS = YES_ERROR;
				CLANG_WARN_RANGE_LOOP_ANALYSIS = YES;
				CLANG_WARN_STRICT_PROTOTYPES = YES;
				CLANG_WARN_SUSPICIOUS_MOVE = YES;
				CLANG_WARN_UNGUARDED_AVAILABILITY = YES_AGGRESSIVE;
				CLANG_WARN_UNREACHABLE_CODE = YES;
				CLANG_WARN__DUPLICATE_METHOD_MATCH = YES;
				CODE_SIGN_IDENTITY = "iPhone Developer";
				COPY_PHASE_STRIP = NO;
				DEBUG_INFORMATION_FORMAT = dwarf;
				ENABLE_STRICT_OBJC_MSGSEND = YES;
				ENABLE_TESTABILITY = YES;
				GCC_C_LANGUAGE_STANDARD = gnu11;
				GCC_DYNAMIC_NO_PIC = NO;
				GCC_NO_COMMON_BLOCKS = YES;
				GCC_OPTIMIZATION_LEVEL = 0;
				GCC_PREPROCESSOR_DEFINITIONS = (
					"DEBUG=1",
					"$(inherited)",
				);
				GCC_WARN_64_TO_32_BIT_CONVERSION = YES;
				GCC_WARN_ABOUT_RETURN_TYPE = YES_ERROR;
				GCC_WARN_UNDECLARED_SELECTOR = YES;
				GCC_WARN_UNINITIALIZED_AUTOS = YES_AGGRESSIVE;
				GCC_WARN_UNUSED_FUNCTION = YES;
				GCC_WARN_UNUSED_VARIABLE = YES;
				IPHONEOS_DEPLOYMENT_TARGET = 12.1;
				MTL_ENABLE_DEBUG_INFO = INCLUDE_SOURCE;
				MTL_FAST_MATH = YES;
				ONLY_ACTIVE_ARCH = YES;
				SDKROOT = iphoneos;
			};
			name = Debug;
		};
		84620CDE21E0AD9B00C0A408 /* Release */ = {
			isa = XCBuildConfiguration;
			buildSettings = {
				ALWAYS_SEARCH_USER_PATHS = NO;
				CLANG_ANALYZER_NONNULL = YES;
				CLANG_ANALYZER_NUMBER_OBJECT_CONVERSION = YES_AGGRESSIVE;
				CLANG_CXX_LANGUAGE_STANDARD = "gnu++14";
				CLANG_CXX_LIBRARY = "libc++";
				CLANG_ENABLE_MODULES = YES;
				CLANG_ENABLE_OBJC_ARC = YES;
				CLANG_ENABLE_OBJC_WEAK = YES;
				CLANG_WARN_BLOCK_CAPTURE_AUTORELEASING = YES;
				CLANG_WARN_BOOL_CONVERSION = YES;
				CLANG_WARN_COMMA = YES;
				CLANG_WARN_CONSTANT_CONVERSION = YES;
				CLANG_WARN_DEPRECATED_OBJC_IMPLEMENTATIONS = YES;
				CLANG_WARN_DIRECT_OBJC_ISA_USAGE = YES_ERROR;
				CLANG_WARN_DOCUMENTATION_COMMENTS = YES;
				CLANG_WARN_EMPTY_BODY = YES;
				CLANG_WARN_ENUM_CONVERSION = YES;
				CLANG_WARN_INFINITE_RECURSION = YES;
				CLANG_WARN_INT_CONVERSION = YES;
				CLANG_WARN_NON_LITERAL_NULL_CONVERSION = YES;
				CLANG_WARN_OBJC_IMPLICIT_RETAIN_SELF = YES;
				CLANG_WARN_OBJC_LITERAL_CONVERSION = YES;
				CLANG_WARN_OBJC_ROOT_CLASS = YES_ERROR;
				CLANG_WARN_RANGE_LOOP_ANALYSIS = YES;
				CLANG_WARN_STRICT_PROTOTYPES = YES;
				CLANG_WARN_SUSPICIOUS_MOVE = YES;
				CLANG_WARN_UNGUARDED_AVAILABILITY = YES_AGGRESSIVE;
				CLANG_WARN_UNREACHABLE_CODE = YES;
				CLANG_WARN__DUPLICATE_METHOD_MATCH = YES;
				CODE_SIGN_IDENTITY = "iPhone Developer";
				COPY_PHASE_STRIP = NO;
				DEBUG_INFORMATION_FORMAT = "dwarf-with-dsym";
				ENABLE_NS_ASSERTIONS = NO;
				ENABLE_STRICT_OBJC_MSGSEND = YES;
				GCC_C_LANGUAGE_STANDARD = gnu11;
				GCC_NO_COMMON_BLOCKS = YES;
				GCC_WARN_64_TO_32_BIT_CONVERSION = YES;
				GCC_WARN_ABOUT_RETURN_TYPE = YES_ERROR;
				GCC_WARN_UNDECLARED_SELECTOR = YES;
				GCC_WARN_UNINITIALIZED_AUTOS = YES_AGGRESSIVE;
				GCC_WARN_UNUSED_FUNCTION = YES;
				GCC_WARN_UNUSED_VARIABLE = YES;
				IPHONEOS_DEPLOYMENT_TARGET = 12.1;
				MTL_ENABLE_DEBUG_INFO = NO;
				MTL_FAST_MATH = YES;
				SDKROOT = iphoneos;
				VALIDATE_PRODUCT = YES;
			};
			name = Release;
		};
		84620CE021E0AD9B00C0A408 /* Debug */ = {
			isa = XCBuildConfiguration;
			baseConfigurationReference = C70F3E9916A039DB29B19D16 /* Pods-YYTools.debug.xcconfig */;
			buildSettings = {
				ASSETCATALOG_COMPILER_APPICON_NAME = AppIcon;
				CODE_SIGN_STYLE = Automatic;
				DEVELOPMENT_TEAM = KM92J7XX6C;
				INFOPLIST_FILE = YYTools/Info.plist;
				IPHONEOS_DEPLOYMENT_TARGET = 8.0;
				LD_RUNPATH_SEARCH_PATHS = (
					"$(inherited)",
					"@executable_path/Frameworks",
				);
				PRODUCT_BUNDLE_IDENTIFIER = com.ArrQ.YYTools;
				PRODUCT_NAME = "$(TARGET_NAME)";
				TARGETED_DEVICE_FAMILY = "1,2";
			};
			name = Debug;
		};
		84620CE121E0AD9B00C0A408 /* Release */ = {
			isa = XCBuildConfiguration;
			baseConfigurationReference = C45005565B4C20F71B8F8C80 /* Pods-YYTools.release.xcconfig */;
			buildSettings = {
				ASSETCATALOG_COMPILER_APPICON_NAME = AppIcon;
				CODE_SIGN_STYLE = Automatic;
				DEVELOPMENT_TEAM = KM92J7XX6C;
				INFOPLIST_FILE = YYTools/Info.plist;
				IPHONEOS_DEPLOYMENT_TARGET = 8.0;
				LD_RUNPATH_SEARCH_PATHS = (
					"$(inherited)",
					"@executable_path/Frameworks",
				);
				PRODUCT_BUNDLE_IDENTIFIER = com.ArrQ.YYTools;
				PRODUCT_NAME = "$(TARGET_NAME)";
				TARGETED_DEVICE_FAMILY = "1,2";
			};
			name = Release;
		};
		84620CE321E0AD9B00C0A408 /* Debug */ = {
			isa = XCBuildConfiguration;
			buildSettings = {
				BUNDLE_LOADER = "$(TEST_HOST)";
				CODE_SIGN_STYLE = Automatic;
				INFOPLIST_FILE = YYToolsTests/Info.plist;
				LD_RUNPATH_SEARCH_PATHS = (
					"$(inherited)",
					"@executable_path/Frameworks",
					"@loader_path/Frameworks",
				);
				PRODUCT_BUNDLE_IDENTIFIER = com.AQ.genxindemo.YYToolsTests;
				PRODUCT_NAME = "$(TARGET_NAME)";
				TARGETED_DEVICE_FAMILY = "1,2";
				TEST_HOST = "$(BUILT_PRODUCTS_DIR)/YYTools.app/YYTools";
			};
			name = Debug;
		};
		84620CE421E0AD9B00C0A408 /* Release */ = {
			isa = XCBuildConfiguration;
			buildSettings = {
				BUNDLE_LOADER = "$(TEST_HOST)";
				CODE_SIGN_STYLE = Automatic;
				INFOPLIST_FILE = YYToolsTests/Info.plist;
				LD_RUNPATH_SEARCH_PATHS = (
					"$(inherited)",
					"@executable_path/Frameworks",
					"@loader_path/Frameworks",
				);
				PRODUCT_BUNDLE_IDENTIFIER = com.AQ.genxindemo.YYToolsTests;
				PRODUCT_NAME = "$(TARGET_NAME)";
				TARGETED_DEVICE_FAMILY = "1,2";
				TEST_HOST = "$(BUILT_PRODUCTS_DIR)/YYTools.app/YYTools";
			};
			name = Release;
		};
		84620CE621E0AD9B00C0A408 /* Debug */ = {
			isa = XCBuildConfiguration;
			buildSettings = {
				CODE_SIGN_STYLE = Automatic;
				INFOPLIST_FILE = YYToolsUITests/Info.plist;
				LD_RUNPATH_SEARCH_PATHS = (
					"$(inherited)",
					"@executable_path/Frameworks",
					"@loader_path/Frameworks",
				);
				PRODUCT_BUNDLE_IDENTIFIER = com.AQ.genxindemo.YYToolsUITests;
				PRODUCT_NAME = "$(TARGET_NAME)";
				TARGETED_DEVICE_FAMILY = "1,2";
				TEST_TARGET_NAME = YYTools;
			};
			name = Debug;
		};
		84620CE721E0AD9B00C0A408 /* Release */ = {
			isa = XCBuildConfiguration;
			buildSettings = {
				CODE_SIGN_STYLE = Automatic;
				INFOPLIST_FILE = YYToolsUITests/Info.plist;
				LD_RUNPATH_SEARCH_PATHS = (
					"$(inherited)",
					"@executable_path/Frameworks",
					"@loader_path/Frameworks",
				);
				PRODUCT_BUNDLE_IDENTIFIER = com.AQ.genxindemo.YYToolsUITests;
				PRODUCT_NAME = "$(TARGET_NAME)";
				TARGETED_DEVICE_FAMILY = "1,2";
				TEST_TARGET_NAME = YYTools;
			};
			name = Release;
		};
/* End XCBuildConfiguration section */

/* Begin XCConfigurationList section */
		84620CAE21E0AD8F00C0A408 /* Build configuration list for PBXProject "YYTools" */ = {
			isa = XCConfigurationList;
			buildConfigurations = (
				84620CDD21E0AD9B00C0A408 /* Debug */,
				84620CDE21E0AD9B00C0A408 /* Release */,
			);
			defaultConfigurationIsVisible = 0;
			defaultConfigurationName = Release;
		};
		84620CDF21E0AD9B00C0A408 /* Build configuration list for PBXNativeTarget "YYTools" */ = {
			isa = XCConfigurationList;
			buildConfigurations = (
				84620CE021E0AD9B00C0A408 /* Debug */,
				84620CE121E0AD9B00C0A408 /* Release */,
			);
			defaultConfigurationIsVisible = 0;
			defaultConfigurationName = Release;
		};
		84620CE221E0AD9B00C0A408 /* Build configuration list for PBXNativeTarget "YYToolsTests" */ = {
			isa = XCConfigurationList;
			buildConfigurations = (
				84620CE321E0AD9B00C0A408 /* Debug */,
				84620CE421E0AD9B00C0A408 /* Release */,
			);
			defaultConfigurationIsVisible = 0;
			defaultConfigurationName = Release;
		};
		84620CE521E0AD9B00C0A408 /* Build configuration list for PBXNativeTarget "YYToolsUITests" */ = {
			isa = XCConfigurationList;
			buildConfigurations = (
				84620CE621E0AD9B00C0A408 /* Debug */,
				84620CE721E0AD9B00C0A408 /* Release */,
			);
			defaultConfigurationIsVisible = 0;
			defaultConfigurationName = Release;
		};
/* End XCConfigurationList section */
	};
	rootObject = 84620CAB21E0AD8F00C0A408 /* Project object */;
}
